
Microsoft Visual Studio Solution File, Format Version 12.00
# Visual Studio Version 17
VisualStudioVersion = 17.10.35004.147
MinimumVisualStudioVersion = 10.0.40219.1
Project("{2150E333-8FDC-42A3-9474-1A3956D46DE8}") = "Services", "Services", "{D2269E1D-A9E1-4856-A324-328F6B5342D4}"
EndProject
Project("{2150E333-8FDC-42A3-9474-1A3956D46DE8}") = "Joke", "Joke", "{7DA40CAE-D5EA-45AD-89B4-8589D188ED3F}"
EndProject
Project("{FAE04EC0-301F-11D3-BF4B-00C04F79EFBC}") = "Joke.Api", "Source\Services\Joke\Joke.Api\Joke.Api.csproj", "{E518696F-CB11-4002-9EA6-C63B1E38E91A}"
EndProject
Global
	GlobalSection(SolutionConfigurationPlatforms) = preSolution
		Debug|Any CPU = Debug|Any CPU
		Release|Any CPU = Release|Any CPU
	EndGlobalSection
	GlobalSection(ProjectConfigurationPlatforms) = postSolution
		{E518696F-CB11-4002-9EA6-C63B1E38E91A}.Debug|Any CPU.ActiveCfg = Debug|Any CPU
		{E518696F-CB11-4002-9EA6-C63B1E38E91A}.Debug|Any CPU.Build.0 = Debug|Any CPU
		{E518696F-CB11-4002-9EA6-C63B1E38E91A}.Release|Any CPU.ActiveCfg = Release|Any CPU
		{E518696F-CB11-4002-9EA6-C63B1E38E91A}.Release|Any CPU.Build.0 = Release|Any CPU
	EndGlobalSection
	GlobalSection(SolutionProperties) = preSolution
		HideSolutionNode = FALSE
	EndGlobalSection
	GlobalSection(NestedProjects) = preSolution
		{7DA40CAE-D5EA-45AD-89B4-8589D188ED3F} = {D2269E1D-A9E1-4856-A324-328F6B5342D4}
		{E518696F-CB11-4002-9EA6-C63B1E38E91A} = {7DA40CAE-D5EA-45AD-89B4-8589D188ED3F}
	EndGlobalSection
	GlobalSection(ExtensibilityGlobals) = postSolution
		SolutionGuid = {05149ABD-4657-4C9E-8608-311BF900F522}
	EndGlobalSection
EndGlobal
